// !$*UTF8*$!
{
	archiveVersion = 1;
	classes = {
	};
	objectVersion = 46;
	objects = {

/* Begin PBXBuildFile section */
		F26EF3D61BEAE4290073C45D /* main.m in Sources */ = {isa = PBXBuildFile; fileRef = F26EF3D51BEAE4290073C45D /* main.m */; };
		F26EF3D91BEAE4290073C45D /* AppDelegate.m in Sources */ = {isa = PBXBuildFile; fileRef = F26EF3D81BEAE4290073C45D /* AppDelegate.m */; };
		F26EF3DC1BEAE4290073C45D /* ViewController.m in Sources */ = {isa = PBXBuildFile; fileRef = F26EF3DB1BEAE4290073C45D /* ViewController.m */; };
		F26EF3DF1BEAE4290073C45D /* Main.storyboard in Resources */ = {isa = PBXBuildFile; fileRef = F26EF3DD1BEAE4290073C45D /* Main.storyboard */; };
		F26EF3E21BEAE4290073C45D /* HXBluetoothSDK.xcdatamodeld in Sources */ = {isa = PBXBuildFile; fileRef = F26EF3E01BEAE4290073C45D /* HXBluetoothSDK.xcdatamodeld */; };
		F26EF3E41BEAE4290073C45D /* Assets.xcassets in Resources */ = {isa = PBXBuildFile; fileRef = F26EF3E31BEAE4290073C45D /* Assets.xcassets */; };
		F26EF3E71BEAE4290073C45D /* LaunchScreen.storyboard in Resources */ = {isa = PBXBuildFile; fileRef = F26EF3E51BEAE4290073C45D /* LaunchScreen.storyboard */; };
		F26EF3F21BEAE4290073C45D /* HXBluetoothSDKTests.m in Sources */ = {isa = PBXBuildFile; fileRef = F26EF3F11BEAE4290073C45D /* HXBluetoothSDKTests.m */; };
		F26EF3FD1BEAE4290073C45D /* HXBluetoothSDKUITests.m in Sources */ = {isa = PBXBuildFile; fileRef = F26EF3FC1BEAE4290073C45D /* HXBluetoothSDKUITests.m */; };
		F26EF40C1BEAE66C0073C45D /* HXBaseClient.m in Sources */ = {isa = PBXBuildFile; fileRef = F26EF40B1BEAE66C0073C45D /* HXBaseClient.m */; };
		F26EF4151BEC47BC0073C45D /* HXBaseAction.m in Sources */ = {isa = PBXBuildFile; fileRef = F26EF4141BEC47BC0073C45D /* HXBaseAction.m */; };
		F26EF4181BEC481A0073C45D /* HXBaseDevice.m in Sources */ = {isa = PBXBuildFile; fileRef = F26EF4171BEC481A0073C45D /* HXBaseDevice.m */; };
		F26EF41B1BEC83930073C45D /* HXBaseController.m in Sources */ = {isa = PBXBuildFile; fileRef = F26EF41A1BEC83930073C45D /* HXBaseController.m */; };
		F26EF4281BF06F7F0073C45D /* HXBaseActionDataModel.m in Sources */ = {isa = PBXBuildFile; fileRef = F26EF4271BF06F7F0073C45D /* HXBaseActionDataModel.m */; };
		F26EF42B1BF076B30073C45D /* HXBasePeripheralModel.m in Sources */ = {isa = PBXBuildFile; fileRef = F26EF42A1BF076B30073C45D /* HXBasePeripheralModel.m */; };
		F26EF43A1BF0A27F0073C45D /* Bluetooth.plist in Resources */ = {isa = PBXBuildFile; fileRef = F26EF4371BF0A27F0073C45D /* Bluetooth.plist */; };
		F26EF43B1BF0A27F0073C45D /* Device.plist in Resources */ = {isa = PBXBuildFile; fileRef = F26EF4381BF0A27F0073C45D /* Device.plist */; };
		F26EF43C1BF0A27F0073C45D /* UpgradeWay.plist in Resources */ = {isa = PBXBuildFile; fileRef = F26EF4391BF0A27F0073C45D /* UpgradeWay.plist */; };
		F26EF4431BF178700073C45D /* HXBaseServiceModel.m in Sources */ = {isa = PBXBuildFile; fileRef = F26EF4421BF178700073C45D /* HXBaseServiceModel.m */; };
		F26EF4491BF179250073C45D /* HXBaseCharacteristicModel.m in Sources */ = {isa = PBXBuildFile; fileRef = F26EF4481BF179250073C45D /* HXBaseCharacteristicModel.m */; };
		F26EF44C1BF17B510073C45D /* HXWKLController.m in Sources */ = {isa = PBXBuildFile; fileRef = F26EF44B1BF17B510073C45D /* HXWKLController.m */; };
		F26EF4511BF19AF60073C45D /* HXWKLSearchDeviceAction.m in Sources */ = {isa = PBXBuildFile; fileRef = F26EF4501BF19AF60073C45D /* HXWKLSearchDeviceAction.m */; };
		F273CCAA1BFEB2A40088F499 /* HXWKLSleepAction.m in Sources */ = {isa = PBXBuildFile; fileRef = F273CCA91BFEB2A40088F499 /* HXWKLSleepAction.m */; };
		F273CCAD1BFF1B100088F499 /* HXWKLWorking.m in Sources */ = {isa = PBXBuildFile; fileRef = F273CCAC1BFF1B100088F499 /* HXWKLWorking.m */; };
		F2874A4D1BFDAB7500ACF1F1 /* HXBaseWorking.m in Sources */ = {isa = PBXBuildFile; fileRef = F2874A4C1BFDAB7500ACF1F1 /* HXBaseWorking.m */; };
		F298BBCD1BFAC202009BF17E /* HXWKLSynchronizeParameterAction.m in Sources */ = {isa = PBXBuildFile; fileRef = F298BBCC1BFAC202009BF17E /* HXWKLSynchronizeParameterAction.m */; };
		F298BBD01BFAD35D009BF17E /* NSDate+HXUtilityTool.m in Sources */ = {isa = PBXBuildFile; fileRef = F298BBCF1BFAD35D009BF17E /* NSDate+HXUtilityTool.m */; };
		F2A636E91BF3217300859050 /* HXWKLBindDeviceAction.m in Sources */ = {isa = PBXBuildFile; fileRef = F2A636E81BF3217300859050 /* HXWKLBindDeviceAction.m */; };
		F2BAD2491BF71FE50035676D /* HXWKLChangeColorAction.m in Sources */ = {isa = PBXBuildFile; fileRef = F2BAD2481BF71FE50035676D /* HXWKLChangeColorAction.m */; };
		F2BAD24C1BF7265E0035676D /* HXWKLStepAction.m in Sources */ = {isa = PBXBuildFile; fileRef = F2BAD24B1BF7265E0035676D /* HXWKLStepAction.m */; };
/* End PBXBuildFile section */

/* Begin PBXContainerItemProxy section */
		F26EF3EE1BEAE4290073C45D /* PBXContainerItemProxy */ = {
			isa = PBXContainerItemProxy;
			containerPortal = F26EF3C91BEAE4290073C45D /* Project object */;
			proxyType = 1;
			remoteGlobalIDString = F26EF3D01BEAE4290073C45D;
			remoteInfo = HXBluetoothSDK;
		};
		F26EF3F91BEAE4290073C45D /* PBXContainerItemProxy */ = {
			isa = PBXContainerItemProxy;
			containerPortal = F26EF3C91BEAE4290073C45D /* Project object */;
			proxyType = 1;
			remoteGlobalIDString = F26EF3D01BEAE4290073C45D;
			remoteInfo = HXBluetoothSDK;
		};
/* End PBXContainerItemProxy section */

/* Begin PBXFileReference section */
		F26EF3D11BEAE4290073C45D /* HXBluetoothSDK.app */ = {isa = PBXFileReference; explicitFileType = wrapper.application; includeInIndex = 0; path = HXBluetoothSDK.app; sourceTree = BUILT_PRODUCTS_DIR; };
		F26EF3D51BEAE4290073C45D /* main.m */ = {isa = PBXFileReference; lastKnownFileType = sourcecode.c.objc; path = main.m; sourceTree = "<group>"; };
		F26EF3D71BEAE4290073C45D /* AppDelegate.h */ = {isa = PBXFileReference; lastKnownFileType = sourcecode.c.h; path = AppDelegate.h; sourceTree = "<group>"; };
		F26EF3D81BEAE4290073C45D /* AppDelegate.m */ = {isa = PBXFileReference; lastKnownFileType = sourcecode.c.objc; path = AppDelegate.m; sourceTree = "<group>"; };
		F26EF3DA1BEAE4290073C45D /* ViewController.h */ = {isa = PBXFileReference; lastKnownFileType = sourcecode.c.h; path = ViewController.h; sourceTree = "<group>"; };
		F26EF3DB1BEAE4290073C45D /* ViewController.m */ = {isa = PBXFileReference; lastKnownFileType = sourcecode.c.objc; path = ViewController.m; sourceTree = "<group>"; };
		F26EF3DE1BEAE4290073C45D /* Base */ = {isa = PBXFileReference; lastKnownFileType = file.storyboard; name = Base; path = Base.lproj/Main.storyboard; sourceTree = "<group>"; };
		F26EF3E11BEAE4290073C45D /* HXBluetoothSDK.xcdatamodel */ = {isa = PBXFileReference; lastKnownFileType = wrapper.xcdatamodel; path = HXBluetoothSDK.xcdatamodel; sourceTree = "<group>"; };
		F26EF3E31BEAE4290073C45D /* Assets.xcassets */ = {isa = PBXFileReference; lastKnownFileType = folder.assetcatalog; path = Assets.xcassets; sourceTree = "<group>"; };
		F26EF3E61BEAE4290073C45D /* Base */ = {isa = PBXFileReference; lastKnownFileType = file.storyboard; name = Base; path = Base.lproj/LaunchScreen.storyboard; sourceTree = "<group>"; };
		F26EF3E81BEAE4290073C45D /* Info.plist */ = {isa = PBXFileReference; lastKnownFileType = text.plist.xml; path = Info.plist; sourceTree = "<group>"; };
		F26EF3ED1BEAE4290073C45D /* HXBluetoothSDKTests.xctest */ = {isa = PBXFileReference; explicitFileType = wrapper.cfbundle; includeInIndex = 0; path = HXBluetoothSDKTests.xctest; sourceTree = BUILT_PRODUCTS_DIR; };
		F26EF3F11BEAE4290073C45D /* HXBluetoothSDKTests.m */ = {isa = PBXFileReference; lastKnownFileType = sourcecode.c.objc; path = HXBluetoothSDKTests.m; sourceTree = "<group>"; };
		F26EF3F31BEAE4290073C45D /* Info.plist */ = {isa = PBXFileReference; lastKnownFileType = text.plist.xml; path = Info.plist; sourceTree = "<group>"; };
		F26EF3F81BEAE4290073C45D /* HXBluetoothSDKUITests.xctest */ = {isa = PBXFileReference; explicitFileType = wrapper.cfbundle; includeInIndex = 0; path = HXBluetoothSDKUITests.xctest; sourceTree = BUILT_PRODUCTS_DIR; };
		F26EF3FC1BEAE4290073C45D /* HXBluetoothSDKUITests.m */ = {isa = PBXFileReference; lastKnownFileType = sourcecode.c.objc; path = HXBluetoothSDKUITests.m; sourceTree = "<group>"; };
		F26EF3FE1BEAE4290073C45D /* Info.plist */ = {isa = PBXFileReference; lastKnownFileType = text.plist.xml; path = Info.plist; sourceTree = "<group>"; };
		F26EF40A1BEAE66C0073C45D /* HXBaseClient.h */ = {isa = PBXFileReference; fileEncoding = 4; lastKnownFileType = sourcecode.c.h; path = HXBaseClient.h; sourceTree = "<group>"; };
		F26EF40B1BEAE66C0073C45D /* HXBaseClient.m */ = {isa = PBXFileReference; fileEncoding = 4; lastKnownFileType = sourcecode.c.objc; path = HXBaseClient.m; sourceTree = "<group>"; };
		F26EF4131BEC47BC0073C45D /* HXBaseAction.h */ = {isa = PBXFileReference; fileEncoding = 4; lastKnownFileType = sourcecode.c.h; path = HXBaseAction.h; sourceTree = "<group>"; };
		F26EF4141BEC47BC0073C45D /* HXBaseAction.m */ = {isa = PBXFileReference; fileEncoding = 4; lastKnownFileType = sourcecode.c.objc; path = HXBaseAction.m; sourceTree = "<group>"; };
		F26EF4161BEC481A0073C45D /* HXBaseDevice.h */ = {isa = PBXFileReference; fileEncoding = 4; lastKnownFileType = sourcecode.c.h; path = HXBaseDevice.h; sourceTree = "<group>"; };
		F26EF4171BEC481A0073C45D /* HXBaseDevice.m */ = {isa = PBXFileReference; fileEncoding = 4; lastKnownFileType = sourcecode.c.objc; path = HXBaseDevice.m; sourceTree = "<group>"; };
		F26EF4191BEC83930073C45D /* HXBaseController.h */ = {isa = PBXFileReference; fileEncoding = 4; lastKnownFileType = sourcecode.c.h; path = HXBaseController.h; sourceTree = "<group>"; };
		F26EF41A1BEC83930073C45D /* HXBaseController.m */ = {isa = PBXFileReference; fileEncoding = 4; lastKnownFileType = sourcecode.c.objc; path = HXBaseController.m; sourceTree = "<group>"; };
		F26EF4221BED94560073C45D /* HXBluetoothSDK.pch */ = {isa = PBXFileReference; lastKnownFileType = sourcecode.c.h; path = HXBluetoothSDK.pch; sourceTree = "<group>"; };
		F26EF4261BF06F7F0073C45D /* HXBaseActionDataModel.h */ = {isa = PBXFileReference; fileEncoding = 4; lastKnownFileType = sourcecode.c.h; path = HXBaseActionDataModel.h; sourceTree = "<group>"; };
		F26EF4271BF06F7F0073C45D /* HXBaseActionDataModel.m */ = {isa = PBXFileReference; fileEncoding = 4; lastKnownFileType = sourcecode.c.objc; path = HXBaseActionDataModel.m; sourceTree = "<group>"; };
		F26EF4291BF076B30073C45D /* HXBasePeripheralModel.h */ = {isa = PBXFileReference; fileEncoding = 4; lastKnownFileType = sourcecode.c.h; path = HXBasePeripheralModel.h; sourceTree = "<group>"; };
		F26EF42A1BF076B30073C45D /* HXBasePeripheralModel.m */ = {isa = PBXFileReference; fileEncoding = 4; lastKnownFileType = sourcecode.c.objc; path = HXBasePeripheralModel.m; sourceTree = "<group>"; };
		F26EF4371BF0A27F0073C45D /* Bluetooth.plist */ = {isa = PBXFileReference; fileEncoding = 4; lastKnownFileType = text.plist.xml; path = Bluetooth.plist; sourceTree = "<group>"; };
		F26EF4381BF0A27F0073C45D /* Device.plist */ = {isa = PBXFileReference; fileEncoding = 4; lastKnownFileType = text.plist.xml; path = Device.plist; sourceTree = "<group>"; };
		F26EF4391BF0A27F0073C45D /* UpgradeWay.plist */ = {isa = PBXFileReference; fileEncoding = 4; lastKnownFileType = text.plist.xml; path = UpgradeWay.plist; sourceTree = "<group>"; };
		F26EF4411BF178700073C45D /* HXBaseServiceModel.h */ = {isa = PBXFileReference; fileEncoding = 4; lastKnownFileType = sourcecode.c.h; path = HXBaseServiceModel.h; sourceTree = "<group>"; };
		F26EF4421BF178700073C45D /* HXBaseServiceModel.m */ = {isa = PBXFileReference; fileEncoding = 4; lastKnownFileType = sourcecode.c.objc; path = HXBaseServiceModel.m; sourceTree = "<group>"; };
		F26EF4471BF179250073C45D /* HXBaseCharacteristicModel.h */ = {isa = PBXFileReference; fileEncoding = 4; lastKnownFileType = sourcecode.c.h; path = HXBaseCharacteristicModel.h; sourceTree = "<group>"; };
		F26EF4481BF179250073C45D /* HXBaseCharacteristicModel.m */ = {isa = PBXFileReference; fileEncoding = 4; lastKnownFileType = sourcecode.c.objc; path = HXBaseCharacteristicModel.m; sourceTree = "<group>"; };
		F26EF44A1BF17B510073C45D /* HXWKLController.h */ = {isa = PBXFileReference; fileEncoding = 4; lastKnownFileType = sourcecode.c.h; name = HXWKLController.h; path = Plist/HXWKLController.h; sourceTree = "<group>"; };
		F26EF44B1BF17B510073C45D /* HXWKLController.m */ = {isa = PBXFileReference; fileEncoding = 4; lastKnownFileType = sourcecode.c.objc; name = HXWKLController.m; path = Plist/HXWKLController.m; sourceTree = "<group>"; };
		F26EF44F1BF19AF60073C45D /* HXWKLSearchDeviceAction.h */ = {isa = PBXFileReference; fileEncoding = 4; lastKnownFileType = sourcecode.c.h; path = HXWKLSearchDeviceAction.h; sourceTree = "<group>"; };
		F26EF4501BF19AF60073C45D /* HXWKLSearchDeviceAction.m */ = {isa = PBXFileReference; fileEncoding = 4; lastKnownFileType = sourcecode.c.objc; path = HXWKLSearchDeviceAction.m; sourceTree = "<group>"; };
		F273CCA81BFEB2A40088F499 /* HXWKLSleepAction.h */ = {isa = PBXFileReference; fileEncoding = 4; lastKnownFileType = sourcecode.c.h; path = HXWKLSleepAction.h; sourceTree = "<group>"; };
		F273CCA91BFEB2A40088F499 /* HXWKLSleepAction.m */ = {isa = PBXFileReference; fileEncoding = 4; lastKnownFileType = sourcecode.c.objc; path = HXWKLSleepAction.m; sourceTree = "<group>"; };
		F273CCAB1BFF1B100088F499 /* HXWKLWorking.h */ = {isa = PBXFileReference; fileEncoding = 4; lastKnownFileType = sourcecode.c.h; path = HXWKLWorking.h; sourceTree = "<group>"; };
		F273CCAC1BFF1B100088F499 /* HXWKLWorking.m */ = {isa = PBXFileReference; fileEncoding = 4; lastKnownFileType = sourcecode.c.objc; path = HXWKLWorking.m; sourceTree = "<group>"; };
		F2874A4B1BFDAB7500ACF1F1 /* HXBaseWorking.h */ = {isa = PBXFileReference; fileEncoding = 4; lastKnownFileType = sourcecode.c.h; path = HXBaseWorking.h; sourceTree = "<group>"; };
		F2874A4C1BFDAB7500ACF1F1 /* HXBaseWorking.m */ = {isa = PBXFileReference; fileEncoding = 4; lastKnownFileType = sourcecode.c.objc; path = HXBaseWorking.m; sourceTree = "<group>"; };
		F298BBCB1BFAC202009BF17E /* HXWKLSynchronizeParameterAction.h */ = {isa = PBXFileReference; fileEncoding = 4; lastKnownFileType = sourcecode.c.h; path = HXWKLSynchronizeParameterAction.h; sourceTree = "<group>"; };
		F298BBCC1BFAC202009BF17E /* HXWKLSynchronizeParameterAction.m */ = {isa = PBXFileReference; fileEncoding = 4; lastKnownFileType = sourcecode.c.objc; path = HXWKLSynchronizeParameterAction.m; sourceTree = "<group>"; };
		F298BBCE1BFAD35D009BF17E /* NSDate+HXUtilityTool.h */ = {isa = PBXFileReference; fileEncoding = 4; lastKnownFileType = sourcecode.c.h; path = "NSDate+HXUtilityTool.h"; sourceTree = "<group>"; };
		F298BBCF1BFAD35D009BF17E /* NSDate+HXUtilityTool.m */ = {isa = PBXFileReference; fileEncoding = 4; lastKnownFileType = sourcecode.c.objc; path = "NSDate+HXUtilityTool.m"; sourceTree = "<group>"; };
		F2A636E71BF3217300859050 /* HXWKLBindDeviceAction.h */ = {isa = PBXFileReference; fileEncoding = 4; lastKnownFileType = sourcecode.c.h; path = HXWKLBindDeviceAction.h; sourceTree = "<group>"; };
		F2A636E81BF3217300859050 /* HXWKLBindDeviceAction.m */ = {isa = PBXFileReference; fileEncoding = 4; lastKnownFileType = sourcecode.c.objc; path = HXWKLBindDeviceAction.m; sourceTree = "<group>"; };
		F2BAD2471BF71FE40035676D /* HXWKLChangeColorAction.h */ = {isa = PBXFileReference; fileEncoding = 4; lastKnownFileType = sourcecode.c.h; path = HXWKLChangeColorAction.h; sourceTree = "<group>"; };
		F2BAD2481BF71FE50035676D /* HXWKLChangeColorAction.m */ = {isa = PBXFileReference; fileEncoding = 4; lastKnownFileType = sourcecode.c.objc; path = HXWKLChangeColorAction.m; sourceTree = "<group>"; };
		F2BAD24A1BF7265E0035676D /* HXWKLStepAction.h */ = {isa = PBXFileReference; fileEncoding = 4; lastKnownFileType = sourcecode.c.h; path = HXWKLStepAction.h; sourceTree = "<group>"; };
		F2BAD24B1BF7265E0035676D /* HXWKLStepAction.m */ = {isa = PBXFileReference; fileEncoding = 4; lastKnownFileType = sourcecode.c.objc; path = HXWKLStepAction.m; sourceTree = "<group>"; };
/* End PBXFileReference section */

/* Begin PBXFrameworksBuildPhase section */
		F26EF3CE1BEAE4290073C45D /* Frameworks */ = {
			isa = PBXFrameworksBuildPhase;
			buildActionMask = 2147483647;
			files = (
			);
			runOnlyForDeploymentPostprocessing = 0;
		};
		F26EF3EA1BEAE4290073C45D /* Frameworks */ = {
			isa = PBXFrameworksBuildPhase;
			buildActionMask = 2147483647;
			files = (
			);
			runOnlyForDeploymentPostprocessing = 0;
		};
		F26EF3F51BEAE4290073C45D /* Frameworks */ = {
			isa = PBXFrameworksBuildPhase;
			buildActionMask = 2147483647;
			files = (
			);
			runOnlyForDeploymentPostprocessing = 0;
		};
/* End PBXFrameworksBuildPhase section */

/* Begin PBXGroup section */
		F26EF3C81BEAE4290073C45D = {
			isa = PBXGroup;
			children = (
				F26EF3D31BEAE4290073C45D /* HXBluetoothSDK */,
				F26EF3F01BEAE4290073C45D /* HXBluetoothSDKTests */,
				F26EF3FB1BEAE4290073C45D /* HXBluetoothSDKUITests */,
				F26EF3D21BEAE4290073C45D /* Products */,
			);
			sourceTree = "<group>";
		};
		F26EF3D21BEAE4290073C45D /* Products */ = {
			isa = PBXGroup;
			children = (
				F26EF3D11BEAE4290073C45D /* HXBluetoothSDK.app */,
				F26EF3ED1BEAE4290073C45D /* HXBluetoothSDKTests.xctest */,
				F26EF3F81BEAE4290073C45D /* HXBluetoothSDKUITests.xctest */,
			);
			name = Products;
			sourceTree = "<group>";
		};
		F26EF3D31BEAE4290073C45D /* HXBluetoothSDK */ = {
			isa = PBXGroup;
			children = (
				F26EF3D71BEAE4290073C45D /* AppDelegate.h */,
				F26EF3D81BEAE4290073C45D /* AppDelegate.m */,
				F26EF3DA1BEAE4290073C45D /* ViewController.h */,
				F26EF3DB1BEAE4290073C45D /* ViewController.m */,
				F298BBCE1BFAD35D009BF17E /* NSDate+HXUtilityTool.h */,
				F298BBCF1BFAD35D009BF17E /* NSDate+HXUtilityTool.m */,
				F26EF41C1BEC8AEF0073C45D /* HXBluetoothSDK */,
				F26EF4351BF09ACF0073C45D /* WKLBluetoothModule */,
				F26EF3DD1BEAE4290073C45D /* Main.storyboard */,
				F26EF3E31BEAE4290073C45D /* Assets.xcassets */,
				F26EF3E51BEAE4290073C45D /* LaunchScreen.storyboard */,
				F26EF3E81BEAE4290073C45D /* Info.plist */,
				F26EF3E01BEAE4290073C45D /* HXBluetoothSDK.xcdatamodeld */,
				F26EF3D41BEAE4290073C45D /* Supporting Files */,
			);
			path = HXBluetoothSDK;
			sourceTree = "<group>";
		};
		F26EF3D41BEAE4290073C45D /* Supporting Files */ = {
			isa = PBXGroup;
			children = (
				F26EF3D51BEAE4290073C45D /* main.m */,
				F26EF4221BED94560073C45D /* HXBluetoothSDK.pch */,
			);
			name = "Supporting Files";
			sourceTree = "<group>";
		};
		F26EF3F01BEAE4290073C45D /* HXBluetoothSDKTests */ = {
			isa = PBXGroup;
			children = (
				F26EF3F11BEAE4290073C45D /* HXBluetoothSDKTests.m */,
				F26EF3F31BEAE4290073C45D /* Info.plist */,
			);
			path = HXBluetoothSDKTests;
			sourceTree = "<group>";
		};
		F26EF3FB1BEAE4290073C45D /* HXBluetoothSDKUITests */ = {
			isa = PBXGroup;
			children = (
				F26EF3FC1BEAE4290073C45D /* HXBluetoothSDKUITests.m */,
				F26EF3FE1BEAE4290073C45D /* Info.plist */,
			);
			path = HXBluetoothSDKUITests;
			sourceTree = "<group>";
		};
		F26EF41C1BEC8AEF0073C45D /* HXBluetoothSDK */ = {
			isa = PBXGroup;
			children = (
				F26EF4301BF09A2B0073C45D /* Client */,
				F26EF42F1BF09A230073C45D /* Device */,
				F26EF4331BF09A5A0073C45D /* Controller */,
				F26EF4311BF09A380073C45D /* Action */,
				F26EF4321BF09A440073C45D /* Model */,
				F2874A4A1BFDAB4100ACF1F1 /* HXWorking */,
			);
			name = HXBluetoothSDK;
			sourceTree = "<group>";
		};
		F26EF42F1BF09A230073C45D /* Device */ = {
			isa = PBXGroup;
			children = (
				F26EF4161BEC481A0073C45D /* HXBaseDevice.h */,
				F26EF4171BEC481A0073C45D /* HXBaseDevice.m */,
			);
			name = Device;
			sourceTree = "<group>";
		};
		F26EF4301BF09A2B0073C45D /* Client */ = {
			isa = PBXGroup;
			children = (
				F26EF40A1BEAE66C0073C45D /* HXBaseClient.h */,
				F26EF40B1BEAE66C0073C45D /* HXBaseClient.m */,
			);
			name = Client;
			sourceTree = "<group>";
		};
		F26EF4311BF09A380073C45D /* Action */ = {
			isa = PBXGroup;
			children = (
				F26EF4131BEC47BC0073C45D /* HXBaseAction.h */,
				F26EF4141BEC47BC0073C45D /* HXBaseAction.m */,
			);
			name = Action;
			sourceTree = "<group>";
		};
		F26EF4321BF09A440073C45D /* Model */ = {
			isa = PBXGroup;
			children = (
				F26EF4291BF076B30073C45D /* HXBasePeripheralModel.h */,
				F26EF42A1BF076B30073C45D /* HXBasePeripheralModel.m */,
				F26EF4261BF06F7F0073C45D /* HXBaseActionDataModel.h */,
				F26EF4271BF06F7F0073C45D /* HXBaseActionDataModel.m */,
				F26EF4411BF178700073C45D /* HXBaseServiceModel.h */,
				F26EF4421BF178700073C45D /* HXBaseServiceModel.m */,
				F26EF4471BF179250073C45D /* HXBaseCharacteristicModel.h */,
				F26EF4481BF179250073C45D /* HXBaseCharacteristicModel.m */,
			);
			name = Model;
			sourceTree = "<group>";
		};
		F26EF4331BF09A5A0073C45D /* Controller */ = {
			isa = PBXGroup;
			children = (
				F26EF4191BEC83930073C45D /* HXBaseController.h */,
				F26EF41A1BEC83930073C45D /* HXBaseController.m */,
			);
			name = Controller;
			sourceTree = "<group>";
		};
		F26EF4351BF09ACF0073C45D /* WKLBluetoothModule */ = {
			isa = PBXGroup;
			children = (
				F2874A451BFDA98A00ACF1F1 /* WKLBluetoothWorking */,
				F26EF4361BF0A27F0073C45D /* Plist */,
				F26EF44D1BF17B6B0073C45D /* WKLController */,
				F26EF44E1BF19AAC0073C45D /* WKLAction */,
			);
			name = WKLBluetoothModule;
			sourceTree = "<group>";
		};
		F26EF4361BF0A27F0073C45D /* Plist */ = {
			isa = PBXGroup;
			children = (
				F26EF4371BF0A27F0073C45D /* Bluetooth.plist */,
				F26EF4381BF0A27F0073C45D /* Device.plist */,
				F26EF4391BF0A27F0073C45D /* UpgradeWay.plist */,
			);
			path = Plist;
			sourceTree = "<group>";
		};
		F26EF44D1BF17B6B0073C45D /* WKLController */ = {
			isa = PBXGroup;
			children = (
				F26EF44A1BF17B510073C45D /* HXWKLController.h */,
				F26EF44B1BF17B510073C45D /* HXWKLController.m */,
			);
			name = WKLController;
			sourceTree = "<group>";
		};
		F26EF44E1BF19AAC0073C45D /* WKLAction */ = {
			isa = PBXGroup;
			children = (
				F26EF44F1BF19AF60073C45D /* HXWKLSearchDeviceAction.h */,
				F26EF4501BF19AF60073C45D /* HXWKLSearchDeviceAction.m */,
				F2A636E71BF3217300859050 /* HXWKLBindDeviceAction.h */,
				F2A636E81BF3217300859050 /* HXWKLBindDeviceAction.m */,
				F2BAD2471BF71FE40035676D /* HXWKLChangeColorAction.h */,
				F2BAD2481BF71FE50035676D /* HXWKLChangeColorAction.m */,
				F2BAD24A1BF7265E0035676D /* HXWKLStepAction.h */,
				F2BAD24B1BF7265E0035676D /* HXWKLStepAction.m */,
				F298BBCB1BFAC202009BF17E /* HXWKLSynchronizeParameterAction.h */,
				F298BBCC1BFAC202009BF17E /* HXWKLSynchronizeParameterAction.m */,
				F273CCA81BFEB2A40088F499 /* HXWKLSleepAction.h */,
				F273CCA91BFEB2A40088F499 /* HXWKLSleepAction.m */,
			);
			name = WKLAction;
			sourceTree = "<group>";
		};
		F2874A451BFDA98A00ACF1F1 /* WKLBluetoothWorking */ = {
			isa = PBXGroup;
			children = (
				F273CCAB1BFF1B100088F499 /* HXWKLWorking.h */,
				F273CCAC1BFF1B100088F499 /* HXWKLWorking.m */,
			);
			name = WKLBluetoothWorking;
			sourceTree = "<group>";
		};
		F2874A4A1BFDAB4100ACF1F1 /* HXWorking */ = {
			isa = PBXGroup;
			children = (
				F2874A4B1BFDAB7500ACF1F1 /* HXBaseWorking.h */,
				F2874A4C1BFDAB7500ACF1F1 /* HXBaseWorking.m */,
			);
			name = HXWorking;
			sourceTree = "<group>";
		};
/* End PBXGroup section */

/* Begin PBXNativeTarget section */
		F26EF3D01BEAE4290073C45D /* HXBluetoothSDK */ = {
			isa = PBXNativeTarget;
			buildConfigurationList = F26EF4011BEAE4290073C45D /* Build configuration list for PBXNativeTarget "HXBluetoothSDK" */;
			buildPhases = (
				F26EF3CD1BEAE4290073C45D /* Sources */,
				F26EF3CE1BEAE4290073C45D /* Frameworks */,
				F26EF3CF1BEAE4290073C45D /* Resources */,
			);
			buildRules = (
			);
			dependencies = (
			);
			name = HXBluetoothSDK;
			productName = HXBluetoothSDK;
			productReference = F26EF3D11BEAE4290073C45D /* HXBluetoothSDK.app */;
			productType = "com.apple.product-type.application";
		};
		F26EF3EC1BEAE4290073C45D /* HXBluetoothSDKTests */ = {
			isa = PBXNativeTarget;
			buildConfigurationList = F26EF4041BEAE4290073C45D /* Build configuration list for PBXNativeTarget "HXBluetoothSDKTests" */;
			buildPhases = (
				F26EF3E91BEAE4290073C45D /* Sources */,
				F26EF3EA1BEAE4290073C45D /* Frameworks */,
				F26EF3EB1BEAE4290073C45D /* Resources */,
			);
			buildRules = (
			);
			dependencies = (
				F26EF3EF1BEAE4290073C45D /* PBXTargetDependency */,
			);
			name = HXBluetoothSDKTests;
			productName = HXBluetoothSDKTests;
			productReference = F26EF3ED1BEAE4290073C45D /* HXBluetoothSDKTests.xctest */;
			productType = "com.apple.product-type.bundle.unit-test";
		};
		F26EF3F71BEAE4290073C45D /* HXBluetoothSDKUITests */ = {
			isa = PBXNativeTarget;
			buildConfigurationList = F26EF4071BEAE4290073C45D /* Build configuration list for PBXNativeTarget "HXBluetoothSDKUITests" */;
			buildPhases = (
				F26EF3F41BEAE4290073C45D /* Sources */,
				F26EF3F51BEAE4290073C45D /* Frameworks */,
				F26EF3F61BEAE4290073C45D /* Resources */,
			);
			buildRules = (
			);
			dependencies = (
				F26EF3FA1BEAE4290073C45D /* PBXTargetDependency */,
			);
			name = HXBluetoothSDKUITests;
			productName = HXBluetoothSDKUITests;
			productReference = F26EF3F81BEAE4290073C45D /* HXBluetoothSDKUITests.xctest */;
			productType = "com.apple.product-type.bundle.ui-testing";
		};
/* End PBXNativeTarget section */

/* Begin PBXProject section */
		F26EF3C91BEAE4290073C45D /* Project object */ = {
			isa = PBXProject;
			attributes = {
				LastUpgradeCheck = 0710;
				ORGANIZATIONNAME = huangxiong;
				TargetAttributes = {
					F26EF3D01BEAE4290073C45D = {
						CreatedOnToolsVersion = 7.1;
						DevelopmentTeam = 6EW99E5PRN;
					};
					F26EF3EC1BEAE4290073C45D = {
						CreatedOnToolsVersion = 7.1;
						DevelopmentTeam = 6EW99E5PRN;
						TestTargetID = F26EF3D01BEAE4290073C45D;
					};
					F26EF3F71BEAE4290073C45D = {
						CreatedOnToolsVersion = 7.1;
						DevelopmentTeam = 6EW99E5PRN;
						TestTargetID = F26EF3D01BEAE4290073C45D;
					};
				};
			};
			buildConfigurationList = F26EF3CC1BEAE4290073C45D /* Build configuration list for PBXProject "HXBluetoothSDK" */;
			compatibilityVersion = "Xcode 3.2";
			developmentRegion = English;
			hasScannedForEncodings = 0;
			knownRegions = (
				en,
				Base,
			);
			mainGroup = F26EF3C81BEAE4290073C45D;
			productRefGroup = F26EF3D21BEAE4290073C45D /* Products */;
			projectDirPath = "";
			projectRoot = "";
			targets = (
				F26EF3D01BEAE4290073C45D /* HXBluetoothSDK */,
				F26EF3EC1BEAE4290073C45D /* HXBluetoothSDKTests */,
				F26EF3F71BEAE4290073C45D /* HXBluetoothSDKUITests */,
			);
		};
/* End PBXProject section */

/* Begin PBXResourcesBuildPhase section */
		F26EF3CF1BEAE4290073C45D /* Resources */ = {
			isa = PBXResourcesBuildPhase;
			buildActionMask = 2147483647;
			files = (
				F26EF43B1BF0A27F0073C45D /* Device.plist in Resources */,
				F26EF3E71BEAE4290073C45D /* LaunchScreen.storyboard in Resources */,
				F26EF3E41BEAE4290073C45D /* Assets.xcassets in Resources */,
				F26EF3DF1BEAE4290073C45D /* Main.storyboard in Resources */,
				F26EF43A1BF0A27F0073C45D /* Bluetooth.plist in Resources */,
				F26EF43C1BF0A27F0073C45D /* UpgradeWay.plist in Resources */,
			);
			runOnlyForDeploymentPostprocessing = 0;
		};
		F26EF3EB1BEAE4290073C45D /* Resources */ = {
			isa = PBXResourcesBuildPhase;
			buildActionMask = 2147483647;
			files = (
			);
			runOnlyForDeploymentPostprocessing = 0;
		};
		F26EF3F61BEAE4290073C45D /* Resources */ = {
			isa = PBXResourcesBuildPhase;
			buildActionMask = 2147483647;
			files = (
			);
			runOnlyForDeploymentPostprocessing = 0;
		};
/* End PBXResourcesBuildPhase section */

/* Begin PBXSourcesBuildPhase section */
		F26EF3CD1BEAE4290073C45D /* Sources */ = {
			isa = PBXSourcesBuildPhase;
			buildActionMask = 2147483647;
			files = (
				F26EF42B1BF076B30073C45D /* HXBasePeripheralModel.m in Sources */,
				F26EF40C1BEAE66C0073C45D /* HXBaseClient.m in Sources */,
				F26EF4151BEC47BC0073C45D /* HXBaseAction.m in Sources */,
				F298BBD01BFAD35D009BF17E /* NSDate+HXUtilityTool.m in Sources */,
				F298BBCD1BFAC202009BF17E /* HXWKLSynchronizeParameterAction.m in Sources */,
				F26EF4181BEC481A0073C45D /* HXBaseDevice.m in Sources */,
				F273CCAD1BFF1B100088F499 /* HXWKLWorking.m in Sources */,
				F2BAD2491BF71FE50035676D /* HXWKLChangeColorAction.m in Sources */,
				F26EF3DC1BEAE4290073C45D /* ViewController.m in Sources */,
				F26EF4281BF06F7F0073C45D /* HXBaseActionDataModel.m in Sources */,
				F26EF44C1BF17B510073C45D /* HXWKLController.m in Sources */,
				F26EF41B1BEC83930073C45D /* HXBaseController.m in Sources */,
				F26EF3D91BEAE4290073C45D /* AppDelegate.m in Sources */,
				F26EF4491BF179250073C45D /* HXBaseCharacteristicModel.m in Sources */,
				F26EF4511BF19AF60073C45D /* HXWKLSearchDeviceAction.m in Sources */,
				F26EF4431BF178700073C45D /* HXBaseServiceModel.m in Sources */,
				F2BAD24C1BF7265E0035676D /* HXWKLStepAction.m in Sources */,
				F26EF3D61BEAE4290073C45D /* main.m in Sources */,
				F26EF3E21BEAE4290073C45D /* HXBluetoothSDK.xcdatamodeld in Sources */,
				F2A636E91BF3217300859050 /* HXWKLBindDeviceAction.m in Sources */,
				F2874A4D1BFDAB7500ACF1F1 /* HXBaseWorking.m in Sources */,
				F273CCAA1BFEB2A40088F499 /* HXWKLSleepAction.m in Sources */,
			);
			runOnlyForDeploymentPostprocessing = 0;
		};
		F26EF3E91BEAE4290073C45D /* Sources */ = {
			isa = PBXSourcesBuildPhase;
			buildActionMask = 2147483647;
			files = (
				F26EF3F21BEAE4290073C45D /* HXBluetoothSDKTests.m in Sources */,
			);
			runOnlyForDeploymentPostprocessing = 0;
		};
		F26EF3F41BEAE4290073C45D /* Sources */ = {
			isa = PBXSourcesBuildPhase;
			buildActionMask = 2147483647;
			files = (
				F26EF3FD1BEAE4290073C45D /* HXBluetoothSDKUITests.m in Sources */,
			);
			runOnlyForDeploymentPostprocessing = 0;
		};
/* End PBXSourcesBuildPhase section */

/* Begin PBXTargetDependency section */
		F26EF3EF1BEAE4290073C45D /* PBXTargetDependency */ = {
			isa = PBXTargetDependency;
			target = F26EF3D01BEAE4290073C45D /* HXBluetoothSDK */;
			targetProxy = F26EF3EE1BEAE4290073C45D /* PBXContainerItemProxy */;
		};
		F26EF3FA1BEAE4290073C45D /* PBXTargetDependency */ = {
			isa = PBXTargetDependency;
			target = F26EF3D01BEAE4290073C45D /* HXBluetoothSDK */;
			targetProxy = F26EF3F91BEAE4290073C45D /* PBXContainerItemProxy */;
		};
/* End PBXTargetDependency section */

/* Begin PBXVariantGroup section */
		F26EF3DD1BEAE4290073C45D /* Main.storyboard */ = {
			isa = PBXVariantGroup;
			children = (
				F26EF3DE1BEAE4290073C45D /* Base */,
			);
			name = Main.storyboard;
			sourceTree = "<group>";
		};
		F26EF3E51BEAE4290073C45D /* LaunchScreen.storyboard */ = {
			isa = PBXVariantGroup;
			children = (
				F26EF3E61BEAE4290073C45D /* Base */,
			);
			name = LaunchScreen.storyboard;
			sourceTree = "<group>";
		};
/* End PBXVariantGroup section */

/* Begin XCBuildConfiguration section */
		F26EF3FF1BEAE4290073C45D /* Debug */ = {
			isa = XCBuildConfiguration;
			buildSettings = {
				ALWAYS_SEARCH_USER_PATHS = NO;
				CLANG_CXX_LANGUAGE_STANDARD = "gnu++0x";
				CLANG_CXX_LIBRARY = "libc++";
				CLANG_ENABLE_MODULES = YES;
				CLANG_ENABLE_OBJC_ARC = YES;
				CLANG_WARN_BOOL_CONVERSION = YES;
				CLANG_WARN_CONSTANT_CONVERSION = YES;
				CLANG_WARN_DIRECT_OBJC_ISA_USAGE = YES_ERROR;
				CLANG_WARN_EMPTY_BODY = YES;
				CLANG_WARN_ENUM_CONVERSION = YES;
				CLANG_WARN_INT_CONVERSION = YES;
				CLANG_WARN_OBJC_ROOT_CLASS = YES_ERROR;
				CLANG_WARN_UNREACHABLE_CODE = YES;
				CLANG_WARN__DUPLICATE_METHOD_MATCH = YES;
				"CODE_SIGN_IDENTITY[sdk=iphoneos*]" = "iPhone Developer";
				COPY_PHASE_STRIP = NO;
				DEBUG_INFORMATION_FORMAT = dwarf;
				ENABLE_STRICT_OBJC_MSGSEND = YES;
				ENABLE_TESTABILITY = YES;
				GCC_C_LANGUAGE_STANDARD = gnu99;
				GCC_DYNAMIC_NO_PIC = NO;
				GCC_NO_COMMON_BLOCKS = YES;
				GCC_OPTIMIZATION_LEVEL = 0;
				GCC_PREPROCESSOR_DEFINITIONS = (
					"DEBUG=1",
					"$(inherited)",
				);
				GCC_WARN_64_TO_32_BIT_CONVERSION = YES;
				GCC_WARN_ABOUT_RETURN_TYPE = YES_ERROR;
				GCC_WARN_UNDECLARED_SELECTOR = YES;
				GCC_WARN_UNINITIALIZED_AUTOS = YES_AGGRESSIVE;
				GCC_WARN_UNUSED_FUNCTION = YES;
				GCC_WARN_UNUSED_VARIABLE = YES;
				IPHONEOS_DEPLOYMENT_TARGET = 9.0;
				MTL_ENABLE_DEBUG_INFO = YES;
				ONLY_ACTIVE_ARCH = YES;
				SDKROOT = iphoneos;
				TARGETED_DEVICE_FAMILY = "1,2";
			};
			name = Debug;
		};
		F26EF4001BEAE4290073C45D /* Release */ = {
			isa = XCBuildConfiguration;
			buildSettings = {
				ALWAYS_SEARCH_USER_PATHS = NO;
				CLANG_CXX_LANGUAGE_STANDARD = "gnu++0x";
				CLANG_CXX_LIBRARY = "libc++";
				CLANG_ENABLE_MODULES = YES;
				CLANG_ENABLE_OBJC_ARC = YES;
				CLANG_WARN_BOOL_CONVERSION = YES;
				CLANG_WARN_CONSTANT_CONVERSION = YES;
				CLANG_WARN_DIRECT_OBJC_ISA_USAGE = YES_ERROR;
				CLANG_WARN_EMPTY_BODY = YES;
				CLANG_WARN_ENUM_CONVERSION = YES;
				CLANG_WARN_INT_CONVERSION = YES;
				CLANG_WARN_OBJC_ROOT_CLASS = YES_ERROR;
				CLANG_WARN_UNREACHABLE_CODE = YES;
				CLANG_WARN__DUPLICATE_METHOD_MATCH = YES;
				"CODE_SIGN_IDENTITY[sdk=iphoneos*]" = "iPhone Developer";
				COPY_PHASE_STRIP = NO;
				DEBUG_INFORMATION_FORMAT = "dwarf-with-dsym";
				ENABLE_NS_ASSERTIONS = NO;
				ENABLE_STRICT_OBJC_MSGSEND = YES;
				GCC_C_LANGUAGE_STANDARD = gnu99;
				GCC_NO_COMMON_BLOCKS = YES;
				GCC_WARN_64_TO_32_BIT_CONVERSION = YES;
				GCC_WARN_ABOUT_RETURN_TYPE = YES_ERROR;
				GCC_WARN_UNDECLARED_SELECTOR = YES;
				GCC_WARN_UNINITIALIZED_AUTOS = YES_AGGRESSIVE;
				GCC_WARN_UNUSED_FUNCTION = YES;
				GCC_WARN_UNUSED_VARIABLE = YES;
				IPHONEOS_DEPLOYMENT_TARGET = 9.0;
				MTL_ENABLE_DEBUG_INFO = NO;
				SDKROOT = iphoneos;
				TARGETED_DEVICE_FAMILY = "1,2";
				VALIDATE_PRODUCT = YES;
			};
			name = Release;
		};
		F26EF4021BEAE4290073C45D /* Debug */ = {
			isa = XCBuildConfiguration;
			buildSettings = {
				ASSETCATALOG_COMPILER_APPICON_NAME = AppIcon;
				CODE_SIGN_IDENTITY = "iPhone Developer";
				"CODE_SIGN_IDENTITY[sdk=iphoneos*]" = "iPhone Developer";
				GCC_PREFIX_HEADER = "$(SRCROOT)/HXBluetoothSDK/HXBluetoothSDK.pch";
				INFOPLIST_FILE = HXBluetoothSDK/Info.plist;
				IPHONEOS_DEPLOYMENT_TARGET = 9.0;
				LD_RUNPATH_SEARCH_PATHS = "$(inherited) @executable_path/Frameworks";
				PRODUCT_BUNDLE_IDENTIFIER = "com.new-life.HXBluetoothSDK";
				PRODUCT_NAME = "$(TARGET_NAME)";
				PROVISIONING_PROFILE = "";
			};
			name = Debug;
		};
		F26EF4031BEAE4290073C45D /* Release */ = {
			isa = XCBuildConfiguration;
			buildSettings = {
				ASSETCATALOG_COMPILER_APPICON_NAME = AppIcon;
				CODE_SIGN_IDENTITY = "iPhone Developer";
				"CODE_SIGN_IDENTITY[sdk=iphoneos*]" = "iPhone Developer";
				GCC_PREFIX_HEADER = "$(SRCROOT)/HXBluetoothSDK/HXBluetoothSDK.pch";
				INFOPLIST_FILE = HXBluetoothSDK/Info.plist;
				IPHONEOS_DEPLOYMENT_TARGET = 9.0;
				LD_RUNPATH_SEARCH_PATHS = "$(inherited) @executable_path/Frameworks";
				PRODUCT_BUNDLE_IDENTIFIER = "com.new-life.HXBluetoothSDK";
				PRODUCT_NAME = "$(TARGET_NAME)";
				PROVISIONING_PROFILE = "";
			};
			name = Release;
		};
		F26EF4051BEAE4290073C45D /* Debug */ = {
			isa = XCBuildConfiguration;
			buildSettings = {
				BUNDLE_LOADER = "$(TEST_HOST)";
				INFOPLIST_FILE = HXBluetoothSDKTests/Info.plist;
				LD_RUNPATH_SEARCH_PATHS = "$(inherited) @executable_path/Frameworks @loader_path/Frameworks";
				PRODUCT_BUNDLE_IDENTIFIER = "com.new-life.HXBluetoothSDKTests";
				PRODUCT_NAME = "$(TARGET_NAME)";
				TEST_HOST = "$(BUILT_PRODUCTS_DIR)/HXBluetoothSDK.app/HXBluetoothSDK";
			};
			name = Debug;
		};
		F26EF4061BEAE4290073C45D /* Release */ = {
			isa = XCBuildConfiguration;
			buildSettings = {
				BUNDLE_LOADER = "$(TEST_HOST)";
				INFOPLIST_FILE = HXBluetoothSDKTests/Info.plist;
				LD_RUNPATH_SEARCH_PATHS = "$(inherited) @executable_path/Frameworks @loader_path/Frameworks";
				PRODUCT_BUNDLE_IDENTIFIER = "com.new-life.HXBluetoothSDKTests";
				PRODUCT_NAME = "$(TARGET_NAME)";
				TEST_HOST = "$(BUILT_PRODUCTS_DIR)/HXBluetoothSDK.app/HXBluetoothSDK";
			};
			name = Release;
		};
		F26EF4081BEAE4290073C45D /* Debug */ = {
			isa = XCBuildConfiguration;
			buildSettings = {
				INFOPLIST_FILE = HXBluetoothSDKUITests/Info.plist;
				LD_RUNPATH_SEARCH_PATHS = "$(inherited) @executable_path/Frameworks @loader_path/Frameworks";
				PRODUCT_BUNDLE_IDENTIFIER = "com.new-life.HXBluetoothSDKUITests";
				PRODUCT_NAME = "$(TARGET_NAME)";
				TEST_TARGET_NAME = HXBluetoothSDK;
				USES_XCTRUNNER = YES;
			};
			name = Debug;
		};
		F26EF4091BEAE4290073C45D /* Release */ = {
			isa = XCBuildConfiguration;
			buildSettings = {
				INFOPLIST_FILE = HXBluetoothSDKUITests/Info.plist;
				LD_RUNPATH_SEARCH_PATHS = "$(inherited) @executable_path/Frameworks @loader_path/Frameworks";
				PRODUCT_BUNDLE_IDENTIFIER = "com.new-life.HXBluetoothSDKUITests";
				PRODUCT_NAME = "$(TARGET_NAME)";
				TEST_TARGET_NAME = HXBluetoothSDK;
				USES_XCTRUNNER = YES;
			};
			name = Release;
		};
/* End XCBuildConfiguration section */

/* Begin XCConfigurationList section */
		F26EF3CC1BEAE4290073C45D /* Build configuration list for PBXProject "HXBluetoothSDK" */ = {
			isa = XCConfigurationList;
			buildConfigurations = (
				F26EF3FF1BEAE4290073C45D /* Debug */,
				F26EF4001BEAE4290073C45D /* Release */,
			);
			defaultConfigurationIsVisible = 0;
			defaultConfigurationName = Release;
		};
		F26EF4011BEAE4290073C45D /* Build configuration list for PBXNativeTarget "HXBluetoothSDK" */ = {
			isa = XCConfigurationList;
			buildConfigurations = (
				F26EF4021BEAE4290073C45D /* Debug */,
				F26EF4031BEAE4290073C45D /* Release */,
			);
			defaultConfigurationIsVisible = 0;
			defaultConfigurationName = Release;
		};
		F26EF4041BEAE4290073C45D /* Build configuration list for PBXNativeTarget "HXBluetoothSDKTests" */ = {
			isa = XCConfigurationList;
			buildConfigurations = (
				F26EF4051BEAE4290073C45D /* Debug */,
				F26EF4061BEAE4290073C45D /* Release */,
			);
			defaultConfigurationIsVisible = 0;
			defaultConfigurationName = Release;
		};
		F26EF4071BEAE4290073C45D /* Build configuration list for PBXNativeTarget "HXBluetoothSDKUITests" */ = {
			isa = XCConfigurationList;
			buildConfigurations = (
				F26EF4081BEAE4290073C45D /* Debug */,
				F26EF4091BEAE4290073C45D /* Release */,
			);
			defaultConfigurationIsVisible = 0;
			defaultConfigurationName = Release;
		};
/* End XCConfigurationList section */

/* Begin XCVersionGroup section */
		F26EF3E01BEAE4290073C45D /* HXBluetoothSDK.xcdatamodeld */ = {
			isa = XCVersionGroup;
			children = (
				F26EF3E11BEAE4290073C45D /* HXBluetoothSDK.xcdatamodel */,
			);
			currentVersion = F26EF3E11BEAE4290073C45D /* HXBluetoothSDK.xcdatamodel */;
			path = HXBluetoothSDK.xcdatamodeld;
			sourceTree = "<group>";
			versionGroupType = wrapper.xcdatamodel;
		};
/* End XCVersionGroup section */
	};
	rootObject = F26EF3C91BEAE4290073C45D /* Project object */;
}
